// !$*UTF8*$!
{
	archiveVersion = 1;
	classes = {
	};
	objectVersion = 70;
	objects = {

/* Begin PBXBuildFile section */
		71159EE02E63865B006D75D3 /* WidgetKit.framework in Frameworks */ = {isa = PBXBuildFile; fileRef = 71159EDF2E63865B006D75D3 /* WidgetKit.framework */; };
		71159EE22E63865B006D75D3 /* SwiftUI.framework in Frameworks */ = {isa = PBXBuildFile; fileRef = 71159EE12E63865B006D75D3 /* SwiftUI.framework */; };
		71159EF32E63865D006D75D3 /* iOS WidgetExtension.appex in Embed Foundation Extensions */ = {isa = PBXBuildFile; fileRef = 71159EDD2E63865B006D75D3 /* iOS WidgetExtension.appex */; settings = {ATTRIBUTES = (RemoveHeadersOnCopy, ); }; };
		71159F4C2E638E23006D75D3 /* watchOS Watch App.app in Embed Watch Content */ = {isa = PBXBuildFile; fileRef = 71159F2C2E638E22006D75D3 /* watchOS Watch App.app */; settings = {ATTRIBUTES = (RemoveHeadersOnCopy, ); }; };
		715565F02FA671E80068F8FC /* DJControlsGrid.swift in Sources */ = {isa = PBXBuildFile; fileRef = 715565EF2FA671E80068F8FC /* DJControlsGrid.swift */; };
		715565F22FA671EF0068F8FC /* TurntableView.swift in Sources */ = {isa = PBXBuildFile; fileRef = 715565F12FA671EF0068F8FC /* TurntableView.swift */; };
		71A64A032F09AE91000C384A /* GlassIcon.icon in Resources */ = {isa = PBXBuildFile; fileRef = 71A64A022F09AE91000C384A /* GlassIcon.icon */; };
		71A64A042F09AE91000C384A /* GlassIcon.icon in Resources */ = {isa = PBXBuildFile; fileRef = 71A64A022F09AE91000C384A /* GlassIcon.icon */; };
		71A64A052F09AE91000C384A /* GlassIcon.icon in Resources */ = {isa = PBXBuildFile; fileRef = 71A64A022F09AE91000C384A /* GlassIcon.icon */; };
		71A64ADD2F09FE37000C384A /* AuthorizationView.swift in Sources */ = {isa = PBXBuildFile; fileRef = 71A64ADC2F09FE37000C384A /* AuthorizationView.swift */; };
		71D4C63E2F5465A7008D372F /* PlaybackState.swift in Sources */ = {isa = PBXBuildFile; fileRef = 71D4C63D2F5465A7008D372F /* PlaybackState.swift */; };
		71D4C6402F5465AD008D372F /* PlaybackControlIntents.swift in Sources */ = {isa = PBXBuildFile; fileRef = 71D4C63F2F5465AD008D372F /* PlaybackControlIntents.swift */; };
		71D4C6502F5470CC008D372F /* PlaybackState.swift in Sources */ = {isa = PBXBuildFile; fileRef = 71D4C63D2F5465A7008D372F /* PlaybackState.swift */; };
		71D4C6512F5470CC008D372F /* PlaybackControlIntents.swift in Sources */ = {isa = PBXBuildFile; fileRef = 71D4C63F2F5465AD008D372F /* PlaybackControlIntents.swift */; };
		71D4C6542F54C171008D372F /* Waypoint.swift in Sources */ = {isa = PBXBuildFile; fileRef = 71D4C6532F54C171008D372F /* Waypoint.swift */; };
		CA265FF72C495B4900C1B3DB /* SpotifyiOS in Frameworks */ = {isa = PBXBuildFile; productRef = CA265FF62C495B4900C1B3DB /* SpotifyiOS */; };
		CA265FFF2C4AD73500C1B3DB /* SpotifyController.swift in Sources */ = {isa = PBXBuildFile; fileRef = CA265FFE2C4AD73500C1B3DB /* SpotifyController.swift */; };
		CAA270E52AE99C3B007D9E3E /* Now_PlayingApp.swift in Sources */ = {isa = PBXBuildFile; fileRef = CAA270E42AE99C3B007D9E3E /* Now_PlayingApp.swift */; };
		CAA270E72AE99C3B007D9E3E /* ContentView.swift in Sources */ = {isa = PBXBuildFile; fileRef = CAA270E62AE99C3B007D9E3E /* ContentView.swift */; };
		CAA270E92AE99C3D007D9E3E /* Assets.xcassets in Resources */ = {isa = PBXBuildFile; fileRef = CAA270E82AE99C3D007D9E3E /* Assets.xcassets */; };
		CAA270EC2AE99C3D007D9E3E /* Preview Assets.xcassets in Resources */ = {isa = PBXBuildFile; fileRef = CAA270EB2AE99C3D007D9E3E /* Preview Assets.xcassets */; };
		CAA270F62AE99C3E007D9E3E /* Now_PlayingTests.swift in Sources */ = {isa = PBXBuildFile; fileRef = CAA270F52AE99C3E007D9E3E /* Now_PlayingTests.swift */; };
		CAA271002AE99C3E007D9E3E /* Now_PlayingUITests.swift in Sources */ = {isa = PBXBuildFile; fileRef = CAA270FF2AE99C3E007D9E3E /* Now_PlayingUITests.swift */; };
		CAA271022AE99C3E007D9E3E /* Now_PlayingUITestsLaunchTests.swift in Sources */ = {isa = PBXBuildFile; fileRef = CAA271012AE99C3E007D9E3E /* Now_PlayingUITestsLaunchTests.swift */; };
/* End PBXBuildFile section */

/* Begin PBXContainerItemProxy section */
		71159EF12E63865D006D75D3 /* PBXContainerItemProxy */ = {
			isa = PBXContainerItemProxy;
			containerPortal = CAA270D92AE99C3A007D9E3E /* Project object */;
			proxyType = 1;
			remoteGlobalIDString = 71159EDC2E63865B006D75D3;
			remoteInfo = "iOS WidgetExtension";
		};
		71159F392E638E23006D75D3 /* PBXContainerItemProxy */ = {
			isa = PBXContainerItemProxy;
			containerPortal = CAA270D92AE99C3A007D9E3E /* Project object */;
			proxyType = 1;
			remoteGlobalIDString = 71159F2B2E638E22006D75D3;
			remoteInfo = "watchOS Watch App";
		};
		71159F432E638E23006D75D3 /* PBXContainerItemProxy */ = {
			isa = PBXContainerItemProxy;
			containerPortal = CAA270D92AE99C3A007D9E3E /* Project object */;
			proxyType = 1;
			remoteGlobalIDString = 71159F2B2E638E22006D75D3;
			remoteInfo = "watchOS Watch App";
		};
		71159F4A2E638E23006D75D3 /* PBXContainerItemProxy */ = {
			isa = PBXContainerItemProxy;
			containerPortal = CAA270D92AE99C3A007D9E3E /* Project object */;
			proxyType = 1;
			remoteGlobalIDString = 71159F2B2E638E22006D75D3;
			remoteInfo = "watchOS Watch App";
		};
		CAA270F22AE99C3E007D9E3E /* PBXContainerItemProxy */ = {
			isa = PBXContainerItemProxy;
			containerPortal = CAA270D92AE99C3A007D9E3E /* Project object */;
			proxyType = 1;
			remoteGlobalIDString = CAA270E02AE99C3B007D9E3E;
			remoteInfo = "Now Playing";
		};
		CAA270FC2AE99C3E007D9E3E /* PBXContainerItemProxy */ = {
			isa = PBXContainerItemProxy;
			containerPortal = CAA270D92AE99C3A007D9E3E /* Project object */;
			proxyType = 1;
			remoteGlobalIDString = CAA270E02AE99C3B007D9E3E;
			remoteInfo = "Now Playing";
		};
/* End PBXContainerItemProxy section */

/* Begin PBXCopyFilesBuildPhase section */
		71159EF82E63865D006D75D3 /* Embed Foundation Extensions */ = {
			isa = PBXCopyFilesBuildPhase;
			buildActionMask = 2147483647;
			dstPath = "";
			dstSubfolderSpec = 13;
			files = (
				71159EF32E63865D006D75D3 /* iOS WidgetExtension.appex in Embed Foundation Extensions */,
			);
			name = "Embed Foundation Extensions";
			runOnlyForDeploymentPostprocessing = 0;
		};
		71159F212E63868F006D75D3 /* Embed Watch Content */ = {
			isa = PBXCopyFilesBuildPhase;
			buildActionMask = 2147483647;
			dstPath = "$(CONTENTS_FOLDER_PATH)/Watch";
			dstSubfolderSpec = 16;
			files = (
				71159F4C2E638E23006D75D3 /* watchOS Watch App.app in Embed Watch Content */,
			);
			name = "Embed Watch Content";
			runOnlyForDeploymentPostprocessing = 0;
		};
/* End PBXCopyFilesBuildPhase section */

/* Begin PBXFileReference section */
		71159ED52E63828C006D75D3 /* Config.xcconfig */ = {isa = PBXFileReference; lastKnownFileType = text.xcconfig; path = Config.xcconfig; sourceTree = "<group>"; };
		71159EDD2E63865B006D75D3 /* iOS WidgetExtension.appex */ = {isa = PBXFileReference; explicitFileType = "wrapper.app-extension"; includeInIndex = 0; path = "iOS WidgetExtension.appex"; sourceTree = BUILT_PRODUCTS_DIR; };
		71159EDF2E63865B006D75D3 /* WidgetKit.framework */ = {isa = PBXFileReference; lastKnownFileType = wrapper.framework; name = WidgetKit.framework; path = System/Library/Frameworks/WidgetKit.framework; sourceTree = SDKROOT; };
		71159EE12E63865B006D75D3 /* SwiftUI.framework */ = {isa = PBXFileReference; lastKnownFileType = wrapper.framework; name = SwiftUI.framework; path = System/Library/Frameworks/SwiftUI.framework; sourceTree = SDKROOT; };
		71159F2C2E638E22006D75D3 /* watchOS Watch App.app */ = {isa = PBXFileReference; explicitFileType = wrapper.application; includeInIndex = 0; path = "watchOS Watch App.app"; sourceTree = BUILT_PRODUCTS_DIR; };
		71159F382E638E23006D75D3 /* watchOS Watch AppTests.xctest */ = {isa = PBXFileReference; explicitFileType = wrapper.cfbundle; includeInIndex = 0; path = "watchOS Watch AppTests.xctest"; sourceTree = BUILT_PRODUCTS_DIR; };
		71159F422E638E23006D75D3 /* watchOS Watch AppUITests.xctest */ = {isa = PBXFileReference; explicitFileType = wrapper.cfbundle; includeInIndex = 0; path = "watchOS Watch AppUITests.xctest"; sourceTree = BUILT_PRODUCTS_DIR; };
		715565EF2FA671E80068F8FC /* DJControlsGrid.swift */ = {isa = PBXFileReference; lastKnownFileType = sourcecode.swift; path = DJControlsGrid.swift; sourceTree = "<group>"; };
		715565F12FA671EF0068F8FC /* TurntableView.swift */ = {isa = PBXFileReference; lastKnownFileType = sourcecode.swift; path = TurntableView.swift; sourceTree = "<group>"; };
		71A64A022F09AE91000C384A /* GlassIcon.icon */ = {isa = PBXFileReference; lastKnownFileType = folder.iconcomposer.icon; path = GlassIcon.icon; sourceTree = "<group>"; };
		71A64ADC2F09FE37000C384A /* AuthorizationView.swift */ = {isa = PBXFileReference; lastKnownFileType = sourcecode.swift; path = AuthorizationView.swift; sourceTree = "<group>"; };
		71D4C63D2F5465A7008D372F /* PlaybackState.swift */ = {isa = PBXFileReference; lastKnownFileType = sourcecode.swift; path = PlaybackState.swift; sourceTree = "<group>"; };
		71D4C63F2F5465AD008D372F /* PlaybackControlIntents.swift */ = {isa = PBXFileReference; lastKnownFileType = sourcecode.swift; path = PlaybackControlIntents.swift; sourceTree = "<group>"; };
		71D4C6452F54B8CA008D372F /* Now Playing.entitlements */ = {isa = PBXFileReference; lastKnownFileType = text.plist.entitlements; path = "Now Playing.entitlements"; sourceTree = "<group>"; };
		71D4C6462F54B909008D372F /* iOS WidgetExtension.entitlements */ = {isa = PBXFileReference; lastKnownFileType = text.plist.entitlements; path = "iOS WidgetExtension.entitlements"; sourceTree = "<group>"; };
		71D4C6532F54C171008D372F /* Waypoint.swift */ = {isa = PBXFileReference; lastKnownFileType = sourcecode.swift; path = Waypoint.swift; sourceTree = "<group>"; };
		CA265FF92C4960A600C1B3DB /* Sample.xcconfig */ = {isa = PBXFileReference; lastKnownFileType = text.xcconfig; path = Sample.xcconfig; sourceTree = "<group>"; };
		CA265FFA2C497B3800C1B3DB /* Now-Playing-Info.plist */ = {isa = PBXFileReference; lastKnownFileType = text.plist; path = "Now-Playing-Info.plist"; sourceTree = SOURCE_ROOT; };
		CA265FFE2C4AD73500C1B3DB /* SpotifyController.swift */ = {isa = PBXFileReference; lastKnownFileType = sourcecode.swift; path = SpotifyController.swift; sourceTree = "<group>"; };
		CAA270E12AE99C3B007D9E3E /* Now Playing.app */ = {isa = PBXFileReference; explicitFileType = wrapper.application; includeInIndex = 0; path = "Now Playing.app"; sourceTree = BUILT_PRODUCTS_DIR; };
		CAA270E42AE99C3B007D9E3E /* Now_PlayingApp.swift */ = {isa = PBXFileReference; lastKnownFileType = sourcecode.swift; path = Now_PlayingApp.swift; sourceTree = "<group>"; };
		CAA270E62AE99C3B007D9E3E /* ContentView.swift */ = {isa = PBXFileReference; lastKnownFileType = sourcecode.swift; path = ContentView.swift; sourceTree = "<group>"; };
		CAA270E82AE99C3D007D9E3E /* Assets.xcassets */ = {isa = PBXFileReference; lastKnownFileType = folder.assetcatalog; path = Assets.xcassets; sourceTree = "<group>"; };
		CAA270EB2AE99C3D007D9E3E /* Preview Assets.xcassets */ = {isa = PBXFileReference; lastKnownFileType = folder.assetcatalog; path = "Preview Assets.xcassets"; sourceTree = "<group>"; };
		CAA270F12AE99C3E007D9E3E /* Now PlayingTests.xctest */ = {isa = PBXFileReference; explicitFileType = wrapper.cfbundle; includeInIndex = 0; path = "Now PlayingTests.xctest"; sourceTree = BUILT_PRODUCTS_DIR; };
		CAA270F52AE99C3E007D9E3E /* Now_PlayingTests.swift */ = {isa = PBXFileReference; lastKnownFileType = sourcecode.swift; path = Now_PlayingTests.swift; sourceTree = "<group>"; };
		CAA270FB2AE99C3E007D9E3E /* Now PlayingUITests.xctest */ = {isa = PBXFileReference; explicitFileType = wrapper.cfbundle; includeInIndex = 0; path = "Now PlayingUITests.xctest"; sourceTree = BUILT_PRODUCTS_DIR; };
		CAA270FF2AE99C3E007D9E3E /* Now_PlayingUITests.swift */ = {isa = PBXFileReference; lastKnownFileType = sourcecode.swift; path = Now_PlayingUITests.swift; sourceTree = "<group>"; };
		CAA271012AE99C3E007D9E3E /* Now_PlayingUITestsLaunchTests.swift */ = {isa = PBXFileReference; lastKnownFileType = sourcecode.swift; path = Now_PlayingUITestsLaunchTests.swift; sourceTree = "<group>"; };
/* End PBXFileReference section */

/* Begin PBXFileSystemSynchronizedBuildFileExceptionSet section */
		71159EF42E63865D006D75D3 /* PBXFileSystemSynchronizedBuildFileExceptionSet */ = {
			isa = PBXFileSystemSynchronizedBuildFileExceptionSet;
			membershipExceptions = (
				Info.plist,
			);
			target = 71159EDC2E63865B006D75D3 /* iOS WidgetExtension */;
		};
/* End PBXFileSystemSynchronizedBuildFileExceptionSet section */

/* Begin PBXFileSystemSynchronizedRootGroup section */
		71159EE32E63865B006D75D3 /* iOS Widget */ = {isa = PBXFileSystemSynchronizedRootGroup; exceptions = (71159EF42E63865D006D75D3 /* PBXFileSystemSynchronizedBuildFileExceptionSet */, ); explicitFileTypes = {}; explicitFolders = (); path = "iOS Widget"; sourceTree = "<group>"; };
		71159F2D2E638E22006D75D3 /* watchOS Watch App */ = {isa = PBXFileSystemSynchronizedRootGroup; explicitFileTypes = {}; explicitFolders = (); path = "watchOS Watch App"; sourceTree = "<group>"; };
		71159F3B2E638E23006D75D3 /* watchOS Watch AppTests */ = {isa = PBXFileSystemSynchronizedRootGroup; explicitFileTypes = {}; explicitFolders = (); path = "watchOS Watch AppTests"; sourceTree = "<group>"; };
		71159F452E638E23006D75D3 /* watchOS Watch AppUITests */ = {isa = PBXFileSystemSynchronizedRootGroup; explicitFileTypes = {}; explicitFolders = (); path = "watchOS Watch AppUITests"; sourceTree = "<group>"; };
/* End PBXFileSystemSynchronizedRootGroup section */

/* Begin PBXFrameworksBuildPhase section */
		71159EDA2E63865B006D75D3 /* Frameworks */ = {
			isa = PBXFrameworksBuildPhase;
			buildActionMask = 2147483647;
			files = (
				71159EE22E63865B006D75D3 /* SwiftUI.framework in Frameworks */,
				71159EE02E63865B006D75D3 /* WidgetKit.framework in Frameworks */,
			);
			runOnlyForDeploymentPostprocessing = 0;
		};
		71159F292E638E22006D75D3 /* Frameworks */ = {
			isa = PBXFrameworksBuildPhase;
			buildActionMask = 2147483647;
			files = (
			);
			runOnlyForDeploymentPostprocessing = 0;
		};
		71159F352E638E23006D75D3 /* Frameworks */ = {
			isa = PBXFrameworksBuildPhase;
			buildActionMask = 2147483647;
			files = (
			);
			runOnlyForDeploymentPostprocessing = 0;
		};
		71159F3F2E638E23006D75D3 /* Frameworks */ = {
			isa = PBXFrameworksBuildPhase;
			buildActionMask = 2147483647;
			files = (
			);
			runOnlyForDeploymentPostprocessing = 0;
		};
		CAA270DE2AE99C3B007D9E3E /* Frameworks */ = {
			isa = PBXFrameworksBuildPhase;
			buildActionMask = 2147483647;
			files = (
				CA265FF72C495B4900C1B3DB /* SpotifyiOS in Frameworks */,
			);
			runOnlyForDeploymentPostprocessing = 0;
		};
		CAA270EE2AE99C3E007D9E3E /* Frameworks */ = {
			isa = PBXFrameworksBuildPhase;
			buildActionMask = 2147483647;
			files = (
			);
			runOnlyForDeploymentPostprocessing = 0;
		};
		CAA270F82AE99C3E007D9E3E /* Frameworks */ = {
			isa = PBXFrameworksBuildPhase;
			buildActionMask = 2147483647;
			files = (
			);
			runOnlyForDeploymentPostprocessing = 0;
		};
/* End PBXFrameworksBuildPhase section */

/* Begin PBXGroup section */
		71159EDE2E63865B006D75D3 /* Frameworks */ = {
			isa = PBXGroup;
			children = (
				71159EDF2E63865B006D75D3 /* WidgetKit.framework */,
				71159EE12E63865B006D75D3 /* SwiftUI.framework */,
			);
			name = Frameworks;
			sourceTree = "<group>";
		};
		CAA270D82AE99C3A007D9E3E = {
			isa = PBXGroup;
			children = (
				71D4C6462F54B909008D372F /* iOS WidgetExtension.entitlements */,
				CAA270E32AE99C3B007D9E3E /* Now Playing */,
				CAA270F42AE99C3E007D9E3E /* Now PlayingTests */,
				CAA270FE2AE99C3E007D9E3E /* Now PlayingUITests */,
				71159EE32E63865B006D75D3 /* iOS Widget */,
				71159F2D2E638E22006D75D3 /* watchOS Watch App */,
				71159F3B2E638E23006D75D3 /* watchOS Watch AppTests */,
				71159F452E638E23006D75D3 /* watchOS Watch AppUITests */,
				71159EDE2E63865B006D75D3 /* Frameworks */,
				CAA270E22AE99C3B007D9E3E /* Products */,
			);
			sourceTree = "<group>";
		};
		CAA270E22AE99C3B007D9E3E /* Products */ = {
			isa = PBXGroup;
			children = (
				CAA270E12AE99C3B007D9E3E /* Now Playing.app */,
				CAA270F12AE99C3E007D9E3E /* Now PlayingTests.xctest */,
				CAA270FB2AE99C3E007D9E3E /* Now PlayingUITests.xctest */,
				71159EDD2E63865B006D75D3 /* iOS WidgetExtension.appex */,
				71159F2C2E638E22006D75D3 /* watchOS Watch App.app */,
				71159F382E638E23006D75D3 /* watchOS Watch AppTests.xctest */,
				71159F422E638E23006D75D3 /* watchOS Watch AppUITests.xctest */,
			);
			name = Products;
			sourceTree = "<group>";
		};
		CAA270E32AE99C3B007D9E3E /* Now Playing */ = {
			isa = PBXGroup;
			children = (
				71D4C6452F54B8CA008D372F /* Now Playing.entitlements */,
				71A64ADC2F09FE37000C384A /* AuthorizationView.swift */,
				71A64A022F09AE91000C384A /* GlassIcon.icon */,
				CA265FF92C4960A600C1B3DB /* Sample.xcconfig */,
				CA265FFA2C497B3800C1B3DB /* Now-Playing-Info.plist */,
				CAA270E42AE99C3B007D9E3E /* Now_PlayingApp.swift */,
				CA265FFE2C4AD73500C1B3DB /* SpotifyController.swift */,
				CAA270E62AE99C3B007D9E3E /* ContentView.swift */,
				CAA270E82AE99C3D007D9E3E /* Assets.xcassets */,
				CAA270EA2AE99C3D007D9E3E /* Preview Content */,
				71159ED52E63828C006D75D3 /* Config.xcconfig */,
				71D4C63D2F5465A7008D372F /* PlaybackState.swift */,
				71D4C63F2F5465AD008D372F /* PlaybackControlIntents.swift */,
				71D4C6532F54C171008D372F /* Waypoint.swift */,
				715565EF2FA671E80068F8FC /* DJControlsGrid.swift */,
				715565F12FA671EF0068F8FC /* TurntableView.swift */,
			);
			path = "Now Playing";
			sourceTree = "<group>";
		};
		CAA270EA2AE99C3D007D9E3E /* Preview Content */ = {
			isa = PBXGroup;
			children = (
				CAA270EB2AE99C3D007D9E3E /* Preview Assets.xcassets */,
			);
			path = "Preview Content";
			sourceTree = "<group>";
		};
		CAA270F42AE99C3E007D9E3E /* Now PlayingTests */ = {
			isa = PBXGroup;
			children = (
				CAA270F52AE99C3E007D9E3E /* Now_PlayingTests.swift */,
			);
			path = "Now PlayingTests";
			sourceTree = "<group>";
		};
		CAA270FE2AE99C3E007D9E3E /* Now PlayingUITests */ = {
			isa = PBXGroup;
			children = (
				CAA270FF2AE99C3E007D9E3E /* Now_PlayingUITests.swift */,
				CAA271012AE99C3E007D9E3E /* Now_PlayingUITestsLaunchTests.swift */,
			);
			path = "Now PlayingUITests";
			sourceTree = "<group>";
		};
/* End PBXGroup section */

/* Begin PBXNativeTarget section */
		71159EDC2E63865B006D75D3 /* iOS WidgetExtension */ = {
			isa = PBXNativeTarget;
			buildConfigurationList = 71159EF52E63865D006D75D3 /* Build configuration list for PBXNativeTarget "iOS WidgetExtension" */;
			buildPhases = (
				71159ED92E63865B006D75D3 /* Sources */,
				71159EDA2E63865B006D75D3 /* Frameworks */,
				71159EDB2E63865B006D75D3 /* Resources */,
			);
			buildRules = (
			);
			dependencies = (
			);
			fileSystemSynchronizedGroups = (
				71159EE32E63865B006D75D3 /* iOS Widget */,
			);
			name = "iOS WidgetExtension";
			packageProductDependencies = (
			);
			productName = "iOS WidgetExtension";
			productReference = 71159EDD2E63865B006D75D3 /* iOS WidgetExtension.appex */;
			productType = "com.apple.product-type.app-extension";
		};
		71159F2B2E638E22006D75D3 /* watchOS Watch App */ = {
			isa = PBXNativeTarget;
			buildConfigurationList = 71159F4D2E638E23006D75D3 /* Build configuration list for PBXNativeTarget "watchOS Watch App" */;
			buildPhases = (
				71159F282E638E22006D75D3 /* Sources */,
				71159F292E638E22006D75D3 /* Frameworks */,
				71159F2A2E638E22006D75D3 /* Resources */,
			);
			buildRules = (
			);
			dependencies = (
			);
			fileSystemSynchronizedGroups = (
				71159F2D2E638E22006D75D3 /* watchOS Watch App */,
			);
			name = "watchOS Watch App";
			packageProductDependencies = (
			);
			productName = "watchOS Watch App";
			productReference = 71159F2C2E638E22006D75D3 /* watchOS Watch App.app */;
			productType = "com.apple.product-type.application";
		};
		71159F372E638E23006D75D3 /* watchOS Watch AppTests */ = {
			isa = PBXNativeTarget;
			buildConfigurationList = 71159F502E638E23006D75D3 /* Build configuration list for PBXNativeTarget "watchOS Watch AppTests" */;
			buildPhases = (
				71159F342E638E23006D75D3 /* Sources */,
				71159F352E638E23006D75D3 /* Frameworks */,
				71159F362E638E23006D75D3 /* Resources */,
			);
			buildRules = (
			);
			dependencies = (
				71159F3A2E638E23006D75D3 /* PBXTargetDependency */,
			);
			fileSystemSynchronizedGroups = (
				71159F3B2E638E23006D75D3 /* watchOS Watch AppTests */,
			);
			name = "watchOS Watch AppTests";
			packageProductDependencies = (
			);
			productName = "watchOS Watch AppTests";
			productReference = 71159F382E638E23006D75D3 /* watchOS Watch AppTests.xctest */;
			productType = "com.apple.product-type.bundle.unit-test";
		};
		71159F412E638E23006D75D3 /* watchOS Watch AppUITests */ = {
			isa = PBXNativeTarget;
			buildConfigurationList = 71159F532E638E23006D75D3 /* Build configuration list for PBXNativeTarget "watchOS Watch AppUITests" */;
			buildPhases = (
				71159F3E2E638E23006D75D3 /* Sources */,
				71159F3F2E638E23006D75D3 /* Frameworks */,
				71159F402E638E23006D75D3 /* Resources */,
			);
			buildRules = (
			);
			dependencies = (
				71159F442E638E23006D75D3 /* PBXTargetDependency */,
			);
			fileSystemSynchronizedGroups = (
				71159F452E638E23006D75D3 /* watchOS Watch AppUITests */,
			);
			name = "watchOS Watch AppUITests";
			packageProductDependencies = (
			);
			productName = "watchOS Watch AppUITests";
			productReference = 71159F422E638E23006D75D3 /* watchOS Watch AppUITests.xctest */;
			productType = "com.apple.product-type.bundle.ui-testing";
		};
		CAA270E02AE99C3B007D9E3E /* Now Playing */ = {
			isa = PBXNativeTarget;
			buildConfigurationList = CAA271052AE99C3E007D9E3E /* Build configuration list for PBXNativeTarget "Now Playing" */;
			buildPhases = (
				CAA270DD2AE99C3B007D9E3E /* Sources */,
				CAA270DE2AE99C3B007D9E3E /* Frameworks */,
				CAA270DF2AE99C3B007D9E3E /* Resources */,
				71159EF82E63865D006D75D3 /* Embed Foundation Extensions */,
				71159F212E63868F006D75D3 /* Embed Watch Content */,
			);
			buildRules = (
			);
			dependencies = (
				71159EF22E63865D006D75D3 /* PBXTargetDependency */,
				71159F4B2E638E23006D75D3 /* PBXTargetDependency */,
			);
			name = "Now Playing";
			packageProductDependencies = (
				CA265FF62C495B4900C1B3DB /* SpotifyiOS */,
			);
			productName = "Now Playing";
			productReference = CAA270E12AE99C3B007D9E3E /* Now Playing.app */;
			productType = "com.apple.product-type.application";
		};
		CAA270F02AE99C3E007D9E3E /* Now PlayingTests */ = {
			isa = PBXNativeTarget;
			buildConfigurationList = CAA271082AE99C3E007D9E3E /* Build configuration list for PBXNativeTarget "Now PlayingTests" */;
			buildPhases = (
				CAA270ED2AE99C3E007D9E3E /* Sources */,
				CAA270EE2AE99C3E007D9E3E /* Frameworks */,
				CAA270EF2AE99C3E007D9E3E /* Resources */,
			);
			buildRules = (
			);
			dependencies = (
				CAA270F32AE99C3E007D9E3E /* PBXTargetDependency */,
			);
			name = "Now PlayingTests";
			productName = "Now PlayingTests";
			productReference = CAA270F12AE99C3E007D9E3E /* Now PlayingTests.xctest */;
			productType = "com.apple.product-type.bundle.unit-test";
		};
		CAA270FA2AE99C3E007D9E3E /* Now PlayingUITests */ = {
			isa = PBXNativeTarget;
			buildConfigurationList = CAA2710B2AE99C3E007D9E3E /* Build configuration list for PBXNativeTarget "Now PlayingUITests" */;
			buildPhases = (
				CAA270F72AE99C3E007D9E3E /* Sources */,
				CAA270F82AE99C3E007D9E3E /* Frameworks */,
				CAA270F92AE99C3E007D9E3E /* Resources */,
			);
			buildRules = (
			);
			dependencies = (
				CAA270FD2AE99C3E007D9E3E /* PBXTargetDependency */,
			);
			name = "Now PlayingUITests";
			productName = "Now PlayingUITests";
			productReference = CAA270FB2AE99C3E007D9E3E /* Now PlayingUITests.xctest */;
			productType = "com.apple.product-type.bundle.ui-testing";
		};
/* End PBXNativeTarget section */

/* Begin PBXProject section */
		CAA270D92AE99C3A007D9E3E /* Project object */ = {
			isa = PBXProject;
			attributes = {
				BuildIndependentTargetsInParallel = 1;
				LastSwiftUpdateCheck = 1640;
				LastUpgradeCheck = 2630;
				TargetAttributes = {
					71159EDC2E63865B006D75D3 = {
						CreatedOnToolsVersion = 16.4;
					};
					71159F2B2E638E22006D75D3 = {
						CreatedOnToolsVersion = 16.4;
					};
					71159F372E638E23006D75D3 = {
						CreatedOnToolsVersion = 16.4;
						TestTargetID = 71159F2B2E638E22006D75D3;
					};
					71159F412E638E23006D75D3 = {
						CreatedOnToolsVersion = 16.4;
						TestTargetID = 71159F2B2E638E22006D75D3;
					};
					CAA270E02AE99C3B007D9E3E = {
						CreatedOnToolsVersion = 15.0.1;
					};
					CAA270F02AE99C3E007D9E3E = {
						CreatedOnToolsVersion = 15.0.1;
						TestTargetID = CAA270E02AE99C3B007D9E3E;
					};
					CAA270FA2AE99C3E007D9E3E = {
						CreatedOnToolsVersion = 15.0.1;
						TestTargetID = CAA270E02AE99C3B007D9E3E;
					};
				};
			};
			buildConfigurationList = CAA270DC2AE99C3A007D9E3E /* Build configuration list for PBXProject "Now Playing" */;
			compatibilityVersion = "Xcode 14.0";
			developmentRegion = en;
			hasScannedForEncodings = 0;
			knownRegions = (
				en,
				Base,
			);
			mainGroup = CAA270D82AE99C3A007D9E3E;
			packageReferences = (
				CA265FFD2C4AD50A00C1B3DB /* XCRemoteSwiftPackageReference "ios-sdk" */,
			);
			productRefGroup = CAA270E22AE99C3B007D9E3E /* Products */;
			projectDirPath = "";
			projectRoot = "";
			targets = (
				CAA270E02AE99C3B007D9E3E /* Now Playing */,
				CAA270F02AE99C3E007D9E3E /* Now PlayingTests */,
				CAA270FA2AE99C3E007D9E3E /* Now PlayingUITests */,
				71159EDC2E63865B006D75D3 /* iOS WidgetExtension */,
				71159F2B2E638E22006D75D3 /* watchOS Watch App */,
				71159F372E638E23006D75D3 /* watchOS Watch AppTests */,
				71159F412E638E23006D75D3 /* watchOS Watch AppUITests */,
			);
		};
/* End PBXProject section */

/* Begin PBXResourcesBuildPhase section */
		71159EDB2E63865B006D75D3 /* Resources */ = {
			isa = PBXResourcesBuildPhase;
			buildActionMask = 2147483647;
			files = (
				71A64A042F09AE91000C384A /* GlassIcon.icon in Resources */,
			);
			runOnlyForDeploymentPostprocessing = 0;
		};
		71159F2A2E638E22006D75D3 /* Resources */ = {
			isa = PBXResourcesBuildPhase;
			buildActionMask = 2147483647;
			files = (
				71A64A052F09AE91000C384A /* GlassIcon.icon in Resources */,
			);
			runOnlyForDeploymentPostprocessing = 0;
		};
		71159F362E638E23006D75D3 /* Resources */ = {
			isa = PBXResourcesBuildPhase;
			buildActionMask = 2147483647;
			files = (
			);
			runOnlyForDeploymentPostprocessing = 0;
		};
		71159F402E638E23006D75D3 /* Resources */ = {
			isa = PBXResourcesBuildPhase;
			buildActionMask = 2147483647;
			files = (
			);
			runOnlyForDeploymentPostprocessing = 0;
		};
		CAA270DF2AE99C3B007D9E3E /* Resources */ = {
			isa = PBXResourcesBuildPhase;
			buildActionMask = 2147483647;
			files = (
				CAA270EC2AE99C3D007D9E3E /* Preview Assets.xcassets in Resources */,
				71A64A032F09AE91000C384A /* GlassIcon.icon in Resources */,
				CAA270E92AE99C3D007D9E3E /* Assets.xcassets in Resources */,
			);
			runOnlyForDeploymentPostprocessing = 0;
		};
		CAA270EF2AE99C3E007D9E3E /* Resources */ = {
			isa = PBXResourcesBuildPhase;
			buildActionMask = 2147483647;
			files = (
			);
			runOnlyForDeploymentPostprocessing = 0;
		};
		CAA270F92AE99C3E007D9E3E /* Resources */ = {
			isa = PBXResourcesBuildPhase;
			buildActionMask = 2147483647;
			files = (
			);
			runOnlyForDeploymentPostprocessing = 0;
		};
/* End PBXResourcesBuildPhase section */

/* Begin PBXSourcesBuildPhase section */
		71159ED92E63865B006D75D3 /* Sources */ = {
			isa = PBXSourcesBuildPhase;
			buildActionMask = 2147483647;
			files = (
				71D4C6502F5470CC008D372F /* PlaybackState.swift in Sources */,
				71D4C6512F5470CC008D372F /* PlaybackControlIntents.swift in Sources */,
			);
			runOnlyForDeploymentPostprocessing = 0;
		};
		71159F282E638E22006D75D3 /* Sources */ = {
			isa = PBXSourcesBuildPhase;
			buildActionMask = 2147483647;
			files = (
			);
			runOnlyForDeploymentPostprocessing = 0;
		};
		71159F342E638E23006D75D3 /* Sources */ = {
			isa = PBXSourcesBuildPhase;
			buildActionMask = 2147483647;
			files = (
			);
			runOnlyForDeploymentPostprocessing = 0;
		};
		71159F3E2E638E23006D75D3 /* Sources */ = {
			isa = PBXSourcesBuildPhase;
			buildActionMask = 2147483647;
			files = (
			);
			runOnlyForDeploymentPostprocessing = 0;
		};
		CAA270DD2AE99C3B007D9E3E /* Sources */ = {
			isa = PBXSourcesBuildPhase;
			buildActionMask = 2147483647;
			files = (
				CAA270E72AE99C3B007D9E3E /* ContentView.swift in Sources */,
				CA265FFF2C4AD73500C1B3DB /* SpotifyController.swift in Sources */,
				715565F22FA671EF0068F8FC /* TurntableView.swift in Sources */,
				71A64ADD2F09FE37000C384A /* AuthorizationView.swift in Sources */,
				71D4C6542F54C171008D372F /* Waypoint.swift in Sources */,
				71D4C63E2F5465A7008D372F /* PlaybackState.swift in Sources */,
				71D4C6402F5465AD008D372F /* PlaybackControlIntents.swift in Sources */,
				CAA270E52AE99C3B007D9E3E /* Now_PlayingApp.swift in Sources */,
				715565F02FA671E80068F8FC /* DJControlsGrid.swift in Sources */,
			);
			runOnlyForDeploymentPostprocessing = 0;
		};
		CAA270ED2AE99C3E007D9E3E /* Sources */ = {
			isa = PBXSourcesBuildPhase;
			buildActionMask = 2147483647;
			files = (
				CAA270F62AE99C3E007D9E3E /* Now_PlayingTests.swift in Sources */,
			);
			runOnlyForDeploymentPostprocessing = 0;
		};
		CAA270F72AE99C3E007D9E3E /* Sources */ = {
			isa = PBXSourcesBuildPhase;
			buildActionMask = 2147483647;
			files = (
				CAA271022AE99C3E007D9E3E /* Now_PlayingUITestsLaunchTests.swift in Sources */,
				CAA271002AE99C3E007D9E3E /* Now_PlayingUITests.swift in Sources */,
			);
			runOnlyForDeploymentPostprocessing = 0;
		};
/* End PBXSourcesBuildPhase section */

/* Begin PBXTargetDependency section */
		71159EF22E63865D006D75D3 /* PBXTargetDependency */ = {
			isa = PBXTargetDependency;
			target = 71159EDC2E63865B006D75D3 /* iOS WidgetExtension */;
			targetProxy = 71159EF12E63865D006D75D3 /* PBXContainerItemProxy */;
		};
		71159F3A2E638E23006D75D3 /* PBXTargetDependency */ = {
			isa = PBXTargetDependency;
			target = 71159F2B2E638E22006D75D3 /* watchOS Watch App */;
			targetProxy = 71159F392E638E23006D75D3 /* PBXContainerItemProxy */;
		};
		71159F442E638E23006D75D3 /* PBXTargetDependency */ = {
			isa = PBXTargetDependency;
			target = 71159F2B2E638E22006D75D3 /* watchOS Watch App */;
			targetProxy = 71159F432E638E23006D75D3 /* PBXContainerItemProxy */;
		};
		71159F4B2E638E23006D75D3 /* PBXTargetDependency */ = {
			isa = PBXTargetDependency;
			target = 71159F2B2E638E22006D75D3 /* watchOS Watch App */;
			targetProxy = 71159F4A2E638E23006D75D3 /* PBXContainerItemProxy */;
		};
		CAA270F32AE99C3E007D9E3E /* PBXTargetDependency */ = {
			isa = PBXTargetDependency;
			target = CAA270E02AE99C3B007D9E3E /* Now Playing */;
			targetProxy = CAA270F22AE99C3E007D9E3E /* PBXContainerItemProxy */;
		};
		CAA270FD2AE99C3E007D9E3E /* PBXTargetDependency */ = {
			isa = PBXTargetDependency;
			target = CAA270E02AE99C3B007D9E3E /* Now Playing */;
			targetProxy = CAA270FC2AE99C3E007D9E3E /* PBXContainerItemProxy */;
		};
/* End PBXTargetDependency section */

/* Begin XCBuildConfiguration section */
		71159EF62E63865D006D75D3 /* Debug */ = {
			isa = XCBuildConfiguration;
			buildSettings = {
				ASSETCATALOG_COMPILER_GLOBAL_ACCENT_COLOR_NAME = AccentColor;
				ASSETCATALOG_COMPILER_WIDGET_BACKGROUND_COLOR_NAME = WidgetBackground;
				CODE_SIGN_ENTITLEMENTS = "iOS WidgetExtension.entitlements";
				CODE_SIGN_STYLE = Automatic;
				CURRENT_PROJECT_VERSION = 1;
				DEVELOPMENT_TEAM = YNT6PGUJ53;
				GENERATE_INFOPLIST_FILE = YES;
				INFOPLIST_FILE = "iOS Widget/Info.plist";
				INFOPLIST_KEY_CFBundleDisplayName = "iOS Widget";
				INFOPLIST_KEY_NSHumanReadableCopyright = "";
				IPHONEOS_DEPLOYMENT_TARGET = 18.5;
				LD_RUNPATH_SEARCH_PATHS = (
					"$(inherited)",
					"@executable_path/Frameworks",
					"@executable_path/../../Frameworks",
				);
				MARKETING_VERSION = 1.0;
				PRODUCT_BUNDLE_IDENTIFIER = "memo.com.Now-Playing.iOS-Widget";
				PRODUCT_NAME = "$(TARGET_NAME)";
				SKIP_INSTALL = YES;
				SWIFT_EMIT_LOC_STRINGS = YES;
				SWIFT_VERSION = 5.0;
				TARGETED_DEVICE_FAMILY = "1,2";
			};
			name = Debug;
		};
		71159EF72E63865D006D75D3 /* Release */ = {
			isa = XCBuildConfiguration;
			buildSettings = {
				ASSETCATALOG_COMPILER_GLOBAL_ACCENT_COLOR_NAME = AccentColor;
				ASSETCATALOG_COMPILER_WIDGET_BACKGROUND_COLOR_NAME = WidgetBackground;
				CODE_SIGN_ENTITLEMENTS = "iOS WidgetExtension.entitlements";
				CODE_SIGN_STYLE = Automatic;
				CURRENT_PROJECT_VERSION = 1;
				DEVELOPMENT_TEAM = YNT6PGUJ53;
				GENERATE_INFOPLIST_FILE = YES;
				INFOPLIST_FILE = "iOS Widget/Info.plist";
				INFOPLIST_KEY_CFBundleDisplayName = "iOS Widget";
				INFOPLIST_KEY_NSHumanReadableCopyright = "";
				IPHONEOS_DEPLOYMENT_TARGET = 18.5;
				LD_RUNPATH_SEARCH_PATHS = (
					"$(inherited)",
					"@executable_path/Frameworks",
					"@executable_path/../../Frameworks",
				);
				MARKETING_VERSION = 1.0;
				PRODUCT_BUNDLE_IDENTIFIER = "memo.com.Now-Playing.iOS-Widget";
				PRODUCT_NAME = "$(TARGET_NAME)";
				SKIP_INSTALL = YES;
				SWIFT_EMIT_LOC_STRINGS = YES;
				SWIFT_VERSION = 5.0;
				TARGETED_DEVICE_FAMILY = "1,2";
			};
			name = Release;
		};
		71159F4E2E638E23006D75D3 /* Debug */ = {
			isa = XCBuildConfiguration;
			buildSettings = {
				ASSETCATALOG_COMPILER_APPICON_NAME = AppIcon;
				ASSETCATALOG_COMPILER_GLOBAL_ACCENT_COLOR_NAME = AccentColor;
				CODE_SIGN_STYLE = Automatic;
				CURRENT_PROJECT_VERSION = 1;
				DEVELOPMENT_TEAM = YNT6PGUJ53;
				ENABLE_PREVIEWS = YES;
				GENERATE_INFOPLIST_FILE = YES;
				INFOPLIST_KEY_CFBundleDisplayName = watchOS;
				INFOPLIST_KEY_UISupportedInterfaceOrientations = "UIInterfaceOrientationPortrait UIInterfaceOrientationPortraitUpsideDown";
				INFOPLIST_KEY_WKCompanionAppBundleIdentifier = "memo.com.Now-Playing";
				LD_RUNPATH_SEARCH_PATHS = (
					"$(inherited)",
					"@executable_path/Frameworks",
				);
				MARKETING_VERSION = 1.0;
				PRODUCT_BUNDLE_IDENTIFIER = "memo.com.Now-Playing.watchkitapp";
				PRODUCT_NAME = "$(TARGET_NAME)";
				SDKROOT = watchos;
				SKIP_INSTALL = YES;
				SWIFT_EMIT_LOC_STRINGS = YES;
				SWIFT_VERSION = 5.0;
				TARGETED_DEVICE_FAMILY = 4;
				WATCHOS_DEPLOYMENT_TARGET = 11.5;
			};
			name = Debug;
		};
		71159F4F2E638E23006D75D3 /* Release */ = {
			isa = XCBuildConfiguration;
			buildSettings = {
				ASSETCATALOG_COMPILER_APPICON_NAME = AppIcon;
				ASSETCATALOG_COMPILER_GLOBAL_ACCENT_COLOR_NAME = AccentColor;
				CODE_SIGN_STYLE = Automatic;
				CURRENT_PROJECT_VERSION = 1;
				DEVELOPMENT_TEAM = YNT6PGUJ53;
				ENABLE_PREVIEWS = YES;
				GENERATE_INFOPLIST_FILE = YES;
				INFOPLIST_KEY_CFBundleDisplayName = watchOS;
				INFOPLIST_KEY_UISupportedInterfaceOrientations = "UIInterfaceOrientationPortrait UIInterfaceOrientationPortraitUpsideDown";
				INFOPLIST_KEY_WKCompanionAppBundleIdentifier = "memo.com.Now-Playing";
				LD_RUNPATH_SEARCH_PATHS = (
					"$(inherited)",
					"@executable_path/Frameworks",
				);
				MARKETING_VERSION = 1.0;
				PRODUCT_BUNDLE_IDENTIFIER = "memo.com.Now-Playing.watchkitapp";
				PRODUCT_NAME = "$(TARGET_NAME)";
				SDKROOT = watchos;
				SKIP_INSTALL = YES;
				SWIFT_EMIT_LOC_STRINGS = YES;
				SWIFT_VERSION = 5.0;
				TARGETED_DEVICE_FAMILY = 4;
				WATCHOS_DEPLOYMENT_TARGET = 11.5;
			};
			name = Release;
		};
		71159F512E638E23006D75D3 /* Debug */ = {
			isa = XCBuildConfiguration;
			buildSettings = {
				BUNDLE_LOADER = "$(TEST_HOST)";
				CODE_SIGN_STYLE = Automatic;
				CURRENT_PROJECT_VERSION = 1;
				GENERATE_INFOPLIST_FILE = YES;
				MARKETING_VERSION = 1.0;
				PRODUCT_BUNDLE_IDENTIFIER = "memo.com.Now-Playing.watchOS-Watch-AppTests";
				PRODUCT_NAME = "$(TARGET_NAME)";
				SDKROOT = watchos;
				SWIFT_EMIT_LOC_STRINGS = NO;
				SWIFT_VERSION = 5.0;
				TARGETED_DEVICE_FAMILY = 4;
				TEST_HOST = "$(BUILT_PRODUCTS_DIR)/watchOS Watch App.app/$(BUNDLE_EXECUTABLE_FOLDER_PATH)/watchOS Watch App";
				WATCHOS_DEPLOYMENT_TARGET = 11.5;
			};
			name = Debug;
		};
		71159F522E638E23006D75D3 /* Release */ = {
			isa = XCBuildConfiguration;
			buildSettings = {
				BUNDLE_LOADER = "$(TEST_HOST)";
				CODE_SIGN_STYLE = Automatic;
				CURRENT_PROJECT_VERSION = 1;
				GENERATE_INFOPLIST_FILE = YES;
				MARKETING_VERSION = 1.0;
				PRODUCT_BUNDLE_IDENTIFIER = "memo.com.Now-Playing.watchOS-Watch-AppTests";
				PRODUCT_NAME = "$(TARGET_NAME)";
				SDKROOT = watchos;
				SWIFT_EMIT_LOC_STRINGS = NO;
				SWIFT_VERSION = 5.0;
				TARGETED_DEVICE_FAMILY = 4;
				TEST_HOST = "$(BUILT_PRODUCTS_DIR)/watchOS Watch App.app/$(BUNDLE_EXECUTABLE_FOLDER_PATH)/watchOS Watch App";
				WATCHOS_DEPLOYMENT_TARGET = 11.5;
			};
			name = Release;
		};
		71159F542E638E23006D75D3 /* Debug */ = {
			isa = XCBuildConfiguration;
			buildSettings = {
				CODE_SIGN_STYLE = Automatic;
				CURRENT_PROJECT_VERSION = 1;
				GENERATE_INFOPLIST_FILE = YES;
				MARKETING_VERSION = 1.0;
				PRODUCT_BUNDLE_IDENTIFIER = "memo.com.Now-Playing.watchOS-Watch-AppUITests";
				PRODUCT_NAME = "$(TARGET_NAME)";
				SDKROOT = watchos;
				SWIFT_EMIT_LOC_STRINGS = NO;
				SWIFT_VERSION = 5.0;
				TARGETED_DEVICE_FAMILY = 4;
				TEST_TARGET_NAME = "watchOS Watch App";
				WATCHOS_DEPLOYMENT_TARGET = 11.5;
			};
			name = Debug;
		};
		71159F552E638E23006D75D3 /* Release */ = {
			isa = XCBuildConfiguration;
			buildSettings = {
				CODE_SIGN_STYLE = Automatic;
				CURRENT_PROJECT_VERSION = 1;
				GENERATE_INFOPLIST_FILE = YES;
				MARKETING_VERSION = 1.0;
				PRODUCT_BUNDLE_IDENTIFIER = "memo.com.Now-Playing.watchOS-Watch-AppUITests";
				PRODUCT_NAME = "$(TARGET_NAME)";
				SDKROOT = watchos;
				SWIFT_EMIT_LOC_STRINGS = NO;
				SWIFT_VERSION = 5.0;
				TARGETED_DEVICE_FAMILY = 4;
				TEST_TARGET_NAME = "watchOS Watch App";
				WATCHOS_DEPLOYMENT_TARGET = 11.5;
			};
			name = Release;
		};
		CAA271032AE99C3E007D9E3E /* Debug */ = {
			isa = XCBuildConfiguration;
			buildSettings = {
				ALWAYS_SEARCH_USER_PATHS = NO;
				ASSETCATALOG_COMPILER_GENERATE_SWIFT_ASSET_SYMBOL_EXTENSIONS = YES;
				CLANG_ANALYZER_NONNULL = YES;
				CLANG_ANALYZER_NUMBER_OBJECT_CONVERSION = YES_AGGRESSIVE;
				CLANG_CXX_LANGUAGE_STANDARD = "gnu++20";
				CLANG_ENABLE_MODULES = YES;
				CLANG_ENABLE_OBJC_ARC = YES;
				CLANG_ENABLE_OBJC_WEAK = YES;
				CLANG_WARN_BLOCK_CAPTURE_AUTORELEASING = YES;
				CLANG_WARN_BOOL_CONVERSION = YES;
				CLANG_WARN_COMMA = YES;
				CLANG_WARN_CONSTANT_CONVERSION = YES;
				CLANG_WARN_DEPRECATED_OBJC_IMPLEMENTATIONS = YES;
				CLANG_WARN_DIRECT_OBJC_ISA_USAGE = YES_ERROR;
				CLANG_WARN_DOCUMENTATION_COMMENTS = YES;
				CLANG_WARN_EMPTY_BODY = YES;
				CLANG_WARN_ENUM_CONVERSION = YES;
				CLANG_WARN_INFINITE_RECURSION = YES;
				CLANG_WARN_INT_CONVERSION = YES;
				CLANG_WARN_NON_LITERAL_NULL_CONVERSION = YES;
				CLANG_WARN_OBJC_IMPLICIT_RETAIN_SELF = YES;
				CLANG_WARN_OBJC_LITERAL_CONVERSION = YES;
				CLANG_WARN_OBJC_ROOT_CLASS = YES_ERROR;
				CLANG_WARN_QUOTED_INCLUDE_IN_FRAMEWORK_HEADER = YES;
				CLANG_WARN_RANGE_LOOP_ANALYSIS = YES;
				CLANG_WARN_STRICT_PROTOTYPES = YES;
				CLANG_WARN_SUSPICIOUS_MOVE = YES;
				CLANG_WARN_UNGUARDED_AVAILABILITY = YES_AGGRESSIVE;
				CLANG_WARN_UNREACHABLE_CODE = YES;
				CLANG_WARN__DUPLICATE_METHOD_MATCH = YES;
				COPY_PHASE_STRIP = NO;
				DEBUG_INFORMATION_FORMAT = dwarf;
				ENABLE_STRICT_OBJC_MSGSEND = YES;
				ENABLE_TESTABILITY = YES;
				ENABLE_USER_SCRIPT_SANDBOXING = YES;
				GCC_C_LANGUAGE_STANDARD = gnu17;
				GCC_DYNAMIC_NO_PIC = NO;
				GCC_NO_COMMON_BLOCKS = YES;
				GCC_OPTIMIZATION_LEVEL = 0;
				GCC_PREPROCESSOR_DEFINITIONS = (
					"DEBUG=1",
					"$(inherited)",
				);
				GCC_WARN_64_TO_32_BIT_CONVERSION = YES;
				GCC_WARN_ABOUT_RETURN_TYPE = YES_ERROR;
				GCC_WARN_UNDECLARED_SELECTOR = YES;
				GCC_WARN_UNINITIALIZED_AUTOS = YES_AGGRESSIVE;
				GCC_WARN_UNUSED_FUNCTION = YES;
				GCC_WARN_UNUSED_VARIABLE = YES;
				IPHONEOS_DEPLOYMENT_TARGET = 17.0;
				LOCALIZATION_PREFERS_STRING_CATALOGS = YES;
				MTL_ENABLE_DEBUG_INFO = INCLUDE_SOURCE;
				MTL_FAST_MATH = YES;
				ONLY_ACTIVE_ARCH = YES;
				OTHER_LDFLAGS = "";
				SDKROOT = iphoneos;
				STRING_CATALOG_GENERATE_SYMBOLS = YES;
				SWIFT_ACTIVE_COMPILATION_CONDITIONS = "DEBUG $(inherited)";
				SWIFT_OBJC_BRIDGING_HEADER = "";
				SWIFT_OPTIMIZATION_LEVEL = "-Onone";
			};
			name = Debug;
		};
		CAA271042AE99C3E007D9E3E /* Release */ = {
			isa = XCBuildConfiguration;
			buildSettings = {
				ALWAYS_SEARCH_USER_PATHS = NO;
				ASSETCATALOG_COMPILER_GENERATE_SWIFT_ASSET_SYMBOL_EXTENSIONS = YES;
				CLANG_ANALYZER_NONNULL = YES;
				CLANG_ANALYZER_NUMBER_OBJECT_CONVERSION = YES_AGGRESSIVE;
				CLANG_CXX_LANGUAGE_STANDARD = "gnu++20";
				CLANG_ENABLE_MODULES = YES;
				CLANG_ENABLE_OBJC_ARC = YES;
				CLANG_ENABLE_OBJC_WEAK = YES;
				CLANG_WARN_BLOCK_CAPTURE_AUTORELEASING = YES;
				CLANG_WARN_BOOL_CONVERSION = YES;
				CLANG_WARN_COMMA = YES;
				CLANG_WARN_CONSTANT_CONVERSION = YES;
				CLANG_WARN_DEPRECATED_OBJC_IMPLEMENTATIONS = YES;
				CLANG_WARN_DIRECT_OBJC_ISA_USAGE = YES_ERROR;
				CLANG_WARN_DOCUMENTATION_COMMENTS = YES;
				CLANG_WARN_EMPTY_BODY = YES;
				CLANG_WARN_ENUM_CONVERSION = YES;
				CLANG_WARN_INFINITE_RECURSION = YES;
				CLANG_WARN_INT_CONVERSION = YES;
				CLANG_WARN_NON_LITERAL_NULL_CONVERSION = YES;
				CLANG_WARN_OBJC_IMPLICIT_RETAIN_SELF = YES;
				CLANG_WARN_OBJC_LITERAL_CONVERSION = YES;
				CLANG_WARN_OBJC_ROOT_CLASS = YES_ERROR;
				CLANG_WARN_QUOTED_INCLUDE_IN_FRAMEWORK_HEADER = YES;
				CLANG_WARN_RANGE_LOOP_ANALYSIS = YES;
				CLANG_WARN_STRICT_PROTOTYPES = YES;
				CLANG_WARN_SUSPICIOUS_MOVE = YES;
				CLANG_WARN_UNGUARDED_AVAILABILITY = YES_AGGRESSIVE;
				CLANG_WARN_UNREACHABLE_CODE = YES;
				CLANG_WARN__DUPLICATE_METHOD_MATCH = YES;
				COPY_PHASE_STRIP = NO;
				DEBUG_INFORMATION_FORMAT = "dwarf-with-dsym";
				ENABLE_NS_ASSERTIONS = NO;
				ENABLE_STRICT_OBJC_MSGSEND = YES;
				ENABLE_USER_SCRIPT_SANDBOXING = YES;
				GCC_C_LANGUAGE_STANDARD = gnu17;
				GCC_NO_COMMON_BLOCKS = YES;
				GCC_WARN_64_TO_32_BIT_CONVERSION = YES;
				GCC_WARN_ABOUT_RETURN_TYPE = YES_ERROR;
				GCC_WARN_UNDECLARED_SELECTOR = YES;
				GCC_WARN_UNINITIALIZED_AUTOS = YES_AGGRESSIVE;
				GCC_WARN_UNUSED_FUNCTION = YES;
				GCC_WARN_UNUSED_VARIABLE = YES;
				IPHONEOS_DEPLOYMENT_TARGET = 17.0;
				LOCALIZATION_PREFERS_STRING_CATALOGS = YES;
				MTL_ENABLE_DEBUG_INFO = NO;
				MTL_FAST_MATH = YES;
				OTHER_LDFLAGS = "";
				SDKROOT = iphoneos;
				STRING_CATALOG_GENERATE_SYMBOLS = YES;
				SWIFT_COMPILATION_MODE = wholemodule;
				SWIFT_OBJC_BRIDGING_HEADER = "";
				VALIDATE_PRODUCT = YES;
			};
			name = Release;
		};
		CAA271062AE99C3E007D9E3E /* Debug */ = {
			isa = XCBuildConfiguration;
			baseConfigurationReference = 71159ED52E63828C006D75D3 /* Config.xcconfig */;
			buildSettings = {
				ASSETCATALOG_COMPILER_APPICON_NAME = GlassIcon;
				ASSETCATALOG_COMPILER_GLOBAL_ACCENT_COLOR_NAME = AccentColor;
				ASSETCATALOG_COMPILER_INCLUDE_ALL_APPICON_ASSETS = YES;
				CODE_SIGN_ENTITLEMENTS = "Now Playing/Now Playing.entitlements";
				CODE_SIGN_STYLE = Automatic;
				CURRENT_PROJECT_VERSION = 1;
				DEVELOPMENT_ASSET_PATHS = "\"Now Playing/Preview Content\"";
				DEVELOPMENT_TEAM = YNT6PGUJ53;
				ENABLE_PREVIEWS = YES;
				GENERATE_INFOPLIST_FILE = YES;
				INFOPLIST_FILE = "Now-Playing-Info.plist";
				INFOPLIST_KEY_UIApplicationSceneManifest_Generation = YES;
				INFOPLIST_KEY_UIApplicationSupportsIndirectInputEvents = YES;
				INFOPLIST_KEY_UILaunchScreen_Generation = YES;
				INFOPLIST_KEY_UISupportedInterfaceOrientations = UIInterfaceOrientationPortrait;
				LD_RUNPATH_SEARCH_PATHS = (
					"$(inherited)",
					"@executable_path/Frameworks",
				);
				MARKETING_VERSION = 1.0;
				OTHER_LDFLAGS = "-ObjC";
				PRODUCT_BUNDLE_IDENTIFIER = "memo.com.Now-Playing";
				PRODUCT_NAME = "$(TARGET_NAME)";
				SWIFT_EMIT_LOC_STRINGS = YES;
				SWIFT_OBJC_BRIDGING_HEADER = "";
				SWIFT_VERSION = 5.0;
				TARGETED_DEVICE_FAMILY = "1,2";
			};
			name = Debug;
		};
		CAA271072AE99C3E007D9E3E /* Release */ = {
			isa = XCBuildConfiguration;
			baseConfigurationReference = 71159ED52E63828C006D75D3 /* Config.xcconfig */;
			buildSettings = {
				ASSETCATALOG_COMPILER_APPICON_NAME = GlassIcon;
				ASSETCATALOG_COMPILER_GLOBAL_ACCENT_COLOR_NAME = AccentColor;
				ASSETCATALOG_COMPILER_INCLUDE_ALL_APPICON_ASSETS = YES;
				CODE_SIGN_ENTITLEMENTS = "Now Playing/Now Playing.entitlements";
				CODE_SIGN_STYLE = Automatic;
				CURRENT_PROJECT_VERSION = 1;
				DEVELOPMENT_ASSET_PATHS = "\"Now Playing/Preview Content\"";
				DEVELOPMENT_TEAM = YNT6PGUJ53;
				ENABLE_PREVIEWS = YES;
				GENERATE_INFOPLIST_FILE = YES;
				INFOPLIST_FILE = "Now-Playing-Info.plist";
				INFOPLIST_KEY_UIApplicationSceneManifest_Generation = YES;
				INFOPLIST_KEY_UIApplicationSupportsIndirectInputEvents = YES;
				INFOPLIST_KEY_UILaunchScreen_Generation = YES;
				INFOPLIST_KEY_UISupportedInterfaceOrientations = UIInterfaceOrientationPortrait;
				LD_RUNPATH_SEARCH_PATHS = (
					"$(inherited)",
					"@executable_path/Frameworks",
				);
				MARKETING_VERSION = 1.0;
				OTHER_LDFLAGS = "-ObjC";
				PRODUCT_BUNDLE_IDENTIFIER = "memo.com.Now-Playing";
				PRODUCT_NAME = "$(TARGET_NAME)";
				SWIFT_EMIT_LOC_STRINGS = YES;
				SWIFT_OBJC_BRIDGING_HEADER = "";
				SWIFT_VERSION = 5.0;
				TARGETED_DEVICE_FAMILY = "1,2";
			};
			name = Release;
		};
		CAA271092AE99C3E007D9E3E /* Debug */ = {
			isa = XCBuildConfiguration;
			buildSettings = {
				BUNDLE_LOADER = "$(TEST_HOST)";
				CODE_SIGN_STYLE = Automatic;
				CURRENT_PROJECT_VERSION = 1;
				GENERATE_INFOPLIST_FILE = YES;
				IPHONEOS_DEPLOYMENT_TARGET = 17.0;
				MARKETING_VERSION = 1.0;
				PRODUCT_BUNDLE_IDENTIFIER = "memo.com.Now-PlayingTests";
				PRODUCT_NAME = "$(TARGET_NAME)";
				SWIFT_EMIT_LOC_STRINGS = NO;
				SWIFT_VERSION = 5.0;
				TARGETED_DEVICE_FAMILY = "1,2";
				TEST_HOST = "$(BUILT_PRODUCTS_DIR)/Now Playing.app/$(BUNDLE_EXECUTABLE_FOLDER_PATH)/Now Playing";
			};
			name = Debug;
		};
		CAA2710A2AE99C3E007D9E3E /* Release */ = {
			isa = XCBuildConfiguration;
			buildSettings = {
				BUNDLE_LOADER = "$(TEST_HOST)";
				CODE_SIGN_STYLE = Automatic;
				CURRENT_PROJECT_VERSION = 1;
				GENERATE_INFOPLIST_FILE = YES;
				IPHONEOS_DEPLOYMENT_TARGET = 17.0;
				MARKETING_VERSION = 1.0;
				PRODUCT_BUNDLE_IDENTIFIER = "memo.com.Now-PlayingTests";
				PRODUCT_NAME = "$(TARGET_NAME)";
				SWIFT_EMIT_LOC_STRINGS = NO;
				SWIFT_VERSION = 5.0;
				TARGETED_DEVICE_FAMILY = "1,2";
				TEST_HOST = "$(BUILT_PRODUCTS_DIR)/Now Playing.app/$(BUNDLE_EXECUTABLE_FOLDER_PATH)/Now Playing";
			};
			name = Release;
		};
		CAA2710C2AE99C3E007D9E3E /* Debug */ = {
			isa = XCBuildConfiguration;
			buildSettings = {
				CODE_SIGN_STYLE = Automatic;
				CURRENT_PROJECT_VERSION = 1;
				GENERATE_INFOPLIST_FILE = YES;
				MARKETING_VERSION = 1.0;
				PRODUCT_BUNDLE_IDENTIFIER = "memo.com.Now-PlayingUITests";
				PRODUCT_NAME = "$(TARGET_NAME)";
				SWIFT_EMIT_LOC_STRINGS = NO;
				SWIFT_VERSION = 5.0;
				TARGETED_DEVICE_FAMILY = "1,2";
				TEST_TARGET_NAME = "Now Playing";
			};
			name = Debug;
		};
		CAA2710D2AE99C3E007D9E3E /* Release */ = {
			isa = XCBuildConfiguration;
			buildSettings = {
				CODE_SIGN_STYLE = Automatic;
				CURRENT_PROJECT_VERSION = 1;
				GENERATE_INFOPLIST_FILE = YES;
				MARKETING_VERSION = 1.0;
				PRODUCT_BUNDLE_IDENTIFIER = "memo.com.Now-PlayingUITests";
				PRODUCT_NAME = "$(TARGET_NAME)";
				SWIFT_EMIT_LOC_STRINGS = NO;
				SWIFT_VERSION = 5.0;
				TARGETED_DEVICE_FAMILY = "1,2";
				TEST_TARGET_NAME = "Now Playing";
			};
			name = Release;
		};
/* End XCBuildConfiguration section */

/* Begin XCConfigurationList section */
		71159EF52E63865D006D75D3 /* Build configuration list for PBXNativeTarget "iOS WidgetExtension" */ = {
			isa = XCConfigurationList;
			buildConfigurations = (
				71159EF62E63865D006D75D3 /* Debug */,
				71159EF72E63865D006D75D3 /* Release */,
			);
			defaultConfigurationIsVisible = 0;
			defaultConfigurationName = Release;
		};
		71159F4D2E638E23006D75D3 /* Build configuration list for PBXNativeTarget "watchOS Watch App" */ = {
			isa = XCConfigurationList;
			buildConfigurations = (
				71159F4E2E638E23006D75D3 /* Debug */,
				71159F4F2E638E23006D75D3 /* Release */,
			);
			defaultConfigurationIsVisible = 0;
			defaultConfigurationName = Release;
		};
		71159F502E638E23006D75D3 /* Build configuration list for PBXNativeTarget "watchOS Watch AppTests" */ = {
			isa = XCConfigurationList;
			buildConfigurations = (
				71159F512E638E23006D75D3 /* Debug */,
				71159F522E638E23006D75D3 /* Release */,
			);
			defaultConfigurationIsVisible = 0;
			defaultConfigurationName = Release;
		};
		71159F532E638E23006D75D3 /* Build configuration list for PBXNativeTarget "watchOS Watch AppUITests" */ = {
			isa = XCConfigurationList;
			buildConfigurations = (
				71159F542E638E23006D75D3 /* Debug */,
				71159F552E638E23006D75D3 /* Release */,
			);
			defaultConfigurationIsVisible = 0;
			defaultConfigurationName = Release;
		};
		CAA270DC2AE99C3A007D9E3E /* Build configuration list for PBXProject "Now Playing" */ = {
			isa = XCConfigurationList;
			buildConfigurations = (
				CAA271032AE99C3E007D9E3E /* Debug */,
				CAA271042AE99C3E007D9E3E /* Release */,
			);
			defaultConfigurationIsVisible = 0;
			defaultConfigurationName = Release;
		};
		CAA271052AE99C3E007D9E3E /* Build configuration list for PBXNativeTarget "Now Playing" */ = {
			isa = XCConfigurationList;
			buildConfigurations = (
				CAA271062AE99C3E007D9E3E /* Debug */,
				CAA271072AE99C3E007D9E3E /* Release */,
			);
			defaultConfigurationIsVisible = 0;
			defaultConfigurationName = Release;
		};
		CAA271082AE99C3E007D9E3E /* Build configuration list for PBXNativeTarget "Now PlayingTests" */ = {
			isa = XCConfigurationList;
			buildConfigurations = (
				CAA271092AE99C3E007D9E3E /* Debug */,
				CAA2710A2AE99C3E007D9E3E /* Release */,
			);
			defaultConfigurationIsVisible = 0;
			defaultConfigurationName = Release;
		};
		CAA2710B2AE99C3E007D9E3E /* Build configuration list for PBXNativeTarget "Now PlayingUITests" */ = {
			isa = XCConfigurationList;
			buildConfigurations = (
				CAA2710C2AE99C3E007D9E3E /* Debug */,
				CAA2710D2AE99C3E007D9E3E /* Release */,
			);
			defaultConfigurationIsVisible = 0;
			defaultConfigurationName = Release;
		};
/* End XCConfigurationList section */

/* Begin XCRemoteSwiftPackageReference section */
		CA265FFD2C4AD50A00C1B3DB /* XCRemoteSwiftPackageReference "ios-sdk" */ = {
			isa = XCRemoteSwiftPackageReference;
			repositoryURL = "https://github.com/spotify/ios-sdk";
			requirement = {
				branch = master;
				kind = branch;
			};
		};
/* End XCRemoteSwiftPackageReference section */

/* Begin XCSwiftPackageProductDependency section */
		CA265FF62C495B4900C1B3DB /* SpotifyiOS */ = {
			isa = XCSwiftPackageProductDependency;
			productName = SpotifyiOS;
		};
/* End XCSwiftPackageProductDependency section */
	};
	rootObject = CAA270D92AE99C3A007D9E3E /* Project object */;
}
